
Microsoft Visual Studio Solution File, Format Version 12.00
# Visual Studio Version 16
VisualStudioVersion = 16.0.29411.108
MinimumVisualStudioVersion = 10.0.40219.1
Project("{2150E333-8FDC-42A3-9474-1A3956D46DE8}") = "build", "build", "{BEA62126-2DCB-4202-9B74-85F70B5F8866}"
	ProjectSection(SolutionItems) = preProject
		buildspec.yml = buildspec.yml
		buildspec_tests.yml = buildspec_tests.yml
		deploySamTemplate.ps1 = deploySamTemplate.ps1
		developers.json = developers.json
		samTemplate.yaml = samTemplate.yaml
		stage.json = stage.json
	EndProjectSection
EndProject
Project("{9A19103F-16F7-4668-BE54-9A1E7A4F7556}") = "Pecuniary.Account.Data", "Pecuniary.Account.Data\Pecuniary.Account.Data.csproj", "{D9472E87-DB84-44EA-B7C4-1FFEE649BB80}"
EndProject
Project("{9A19103F-16F7-4668-BE54-9A1E7A4F7556}") = "Pecuniary.Account.Events", "Pecuniary.Account.Events\Pecuniary.Account.Events.csproj", "{F8145BFA-B694-421C-82EE-B03093311CDA}"
EndProject
Project("{9A19103F-16F7-4668-BE54-9A1E7A4F7556}") = "Pecuniary.Account.Query", "Pecuniary.Account.Query\Pecuniary.Account.Query.csproj", "{3E5AC411-AB98-47F1-A352-ABBF9B5FC455}"
EndProject
Project("{9A19103F-16F7-4668-BE54-9A1E7A4F7556}") = "Pecuniary.Account.Tests", "Pecuniary.Account.Tests\Pecuniary.Account.Tests.csproj", "{9252D158-0CA2-437F-B988-77D686B10C2C}"
EndProject
Global
	GlobalSection(SolutionConfigurationPlatforms) = preSolution
		Debug|Any CPU = Debug|Any CPU
		Release|Any CPU = Release|Any CPU
	EndGlobalSection
	GlobalSection(ProjectConfigurationPlatforms) = postSolution
		{D9472E87-DB84-44EA-B7C4-1FFEE649BB80}.Debug|Any CPU.ActiveCfg = Debug|Any CPU
		{D9472E87-DB84-44EA-B7C4-1FFEE649BB80}.Debug|Any CPU.Build.0 = Debug|Any CPU
		{D9472E87-DB84-44EA-B7C4-1FFEE649BB80}.Release|Any CPU.ActiveCfg = Release|Any CPU
		{D9472E87-DB84-44EA-B7C4-1FFEE649BB80}.Release|Any CPU.Build.0 = Release|Any CPU
		{F8145BFA-B694-421C-82EE-B03093311CDA}.Debug|Any CPU.ActiveCfg = Debug|Any CPU
		{F8145BFA-B694-421C-82EE-B03093311CDA}.Debug|Any CPU.Build.0 = Debug|Any CPU
		{F8145BFA-B694-421C-82EE-B03093311CDA}.Release|Any CPU.ActiveCfg = Release|Any CPU
		{F8145BFA-B694-421C-82EE-B03093311CDA}.Release|Any CPU.Build.0 = Release|Any CPU
		{3E5AC411-AB98-47F1-A352-ABBF9B5FC455}.Debug|Any CPU.ActiveCfg = Debug|Any CPU
		{3E5AC411-AB98-47F1-A352-ABBF9B5FC455}.Debug|Any CPU.Build.0 = Debug|Any CPU
		{3E5AC411-AB98-47F1-A352-ABBF9B5FC455}.Release|Any CPU.ActiveCfg = Release|Any CPU
		{3E5AC411-AB98-47F1-A352-ABBF9B5FC455}.Release|Any CPU.Build.0 = Release|Any CPU
		{9252D158-0CA2-437F-B988-77D686B10C2C}.Debug|Any CPU.ActiveCfg = Debug|Any CPU
		{9252D158-0CA2-437F-B988-77D686B10C2C}.Debug|Any CPU.Build.0 = Debug|Any CPU
		{9252D158-0CA2-437F-B988-77D686B10C2C}.Release|Any CPU.ActiveCfg = Release|Any CPU
		{9252D158-0CA2-437F-B988-77D686B10C2C}.Release|Any CPU.Build.0 = Release|Any CPU
	EndGlobalSection
	GlobalSection(SolutionProperties) = preSolution
		HideSolutionNode = FALSE
	EndGlobalSection
	GlobalSection(ExtensibilityGlobals) = postSolution
		SolutionGuid = {7C788432-C078-4C2E-8978-B450990CA689}
	EndGlobalSection
EndGlobal
